// !$*UTF8*$!
{
	archiveVersion = 1;
	classes = {
	};
	objectVersion = 77;
	objects = {

/* Begin PBXContainerItemProxy section */
		5228E0292E0EE86D00DF197F /* PBXContainerItemProxy */ = {
			isa = PBXContainerItemProxy;
			containerPortal = 5228E0132E0EE86B00DF197F /* Project object */;
			proxyType = 1;
			remoteGlobalIDString = 5228E01A2E0EE86B00DF197F;
			remoteInfo = "Xiteb-mCommerce";
		};
		5228E0332E0EE86D00DF197F /* PBXContainerItemProxy */ = {
			isa = PBXContainerItemProxy;
			containerPortal = 5228E0132E0EE86B00DF197F /* Project object */;
			proxyType = 1;
			remoteGlobalIDString = 5228E01A2E0EE86B00DF197F;
			remoteInfo = "Xiteb-mCommerce";
		};
/* End PBXContainerItemProxy section */

/* Begin PBXFileReference section */
		5228E01B2E0EE86B00DF197F /* Xiteb-mCommerce.app */ = {isa = PBXFileReference; explicitFileType = wrapper.application; includeInIndex = 0; path = "Xiteb-mCommerce.app"; sourceTree = BUILT_PRODUCTS_DIR; };
		5228E0282E0EE86D00DF197F /* Xiteb-mCommerceTests.xctest */ = {isa = PBXFileReference; explicitFileType = wrapper.cfbundle; includeInIndex = 0; path = "Xiteb-mCommerceTests.xctest"; sourceTree = BUILT_PRODUCTS_DIR; };
		5228E0322E0EE86D00DF197F /* Xiteb-mCommerceUITests.xctest */ = {isa = PBXFileReference; explicitFileType = wrapper.cfbundle; includeInIndex = 0; path = "Xiteb-mCommerceUITests.xctest"; sourceTree = BUILT_PRODUCTS_DIR; };
/* End PBXFileReference section */

/* Begin PBXFileSystemSynchronizedRootGroup section */
		5228E01D2E0EE86B00DF197F /* Xiteb-mCommerce */ = {
			isa = PBXFileSystemSynchronizedRootGroup;
			path = "Xiteb-mCommerce";
			sourceTree = "<group>";
		};
		5228E02B2E0EE86D00DF197F /* Xiteb-mCommerceTests */ = {
			isa = PBXFileSystemSynchronizedRootGroup;
			path = "Xiteb-mCommerceTests";
			sourceTree = "<group>";
		};
		5228E0352E0EE86D00DF197F /* Xiteb-mCommerceUITests */ = {
			isa = PBXFileSystemSynchronizedRootGroup;
			path = "Xiteb-mCommerceUITests";
			sourceTree = "<group>";
		};
/* End PBXFileSystemSynchronizedRootGroup section */

/* Begin PBXFrameworksBuildPhase section */
		5228E0182E0EE86B00DF197F /* Frameworks */ = {
			isa = PBXFrameworksBuildPhase;
			buildActionMask = 2147483647;
			files = (
			);
			runOnlyForDeploymentPostprocessing = 0;
		};
		5228E0252E0EE86D00DF197F /* Frameworks */ = {
			isa = PBXFrameworksBuildPhase;
			buildActionMask = 2147483647;
			files = (
			);
			runOnlyForDeploymentPostprocessing = 0;
		};
		5228E02F2E0EE86D00DF197F /* Frameworks */ = {
			isa = PBXFrameworksBuildPhase;
			buildActionMask = 2147483647;
			files = (
			);
			runOnlyForDeploymentPostprocessing = 0;
		};
/* End PBXFrameworksBuildPhase section */

/* Begin PBXGroup section */
		5228E0122E0EE86B00DF197F = {
			isa = PBXGroup;
			children = (
				5228E01D2E0EE86B00DF197F /* Xiteb-mCommerce */,
				5228E02B2E0EE86D00DF197F /* Xiteb-mCommerceTests */,
				5228E0352E0EE86D00DF197F /* Xiteb-mCommerceUITests */,
				5228E01C2E0EE86B00DF197F /* Products */,
			);
			sourceTree = "<group>";
		};
		5228E01C2E0EE86B00DF197F /* Products */ = {
			isa = PBXGroup;
			children = (
				5228E01B2E0EE86B00DF197F /* Xiteb-mCommerce.app */,
				5228E0282E0EE86D00DF197F /* Xiteb-mCommerceTests.xctest */,
				5228E0322E0EE86D00DF197F /* Xiteb-mCommerceUITests.xctest */,
			);
			name = Products;
			sourceTree = "<group>";
		};
/* End PBXGroup section */

/* Begin PBXNativeTarget section */
		5228E01A2E0EE86B00DF197F /* Xiteb-mCommerce */ = {
			isa = PBXNativeTarget;
			buildConfigurationList = 5228E03C2E0EE86D00DF197F /* Build configuration list for PBXNativeTarget "Xiteb-mCommerce" */;
			buildPhases = (
				5228E0172E0EE86B00DF197F /* Sources */,
				5228E0182E0EE86B00DF197F /* Frameworks */,
				5228E0192E0EE86B00DF197F /* Resources */,
			);
			buildRules = (
			);
			dependencies = (
			);
			fileSystemSynchronizedGroups = (
				5228E01D2E0EE86B00DF197F /* Xiteb-mCommerce */,
			);
			name = "Xiteb-mCommerce";
			packageProductDependencies = (
			);
			productName = "Xiteb-mCommerce";
			productReference = 5228E01B2E0EE86B00DF197F /* Xiteb-mCommerce.app */;
			productType = "com.apple.product-type.application";
		};
		5228E0272E0EE86D00DF197F /* Xiteb-mCommerceTests */ = {
			isa = PBXNativeTarget;
			buildConfigurationList = 5228E03F2E0EE86D00DF197F /* Build configuration list for PBXNativeTarget "Xiteb-mCommerceTests" */;
			buildPhases = (
				5228E0242E0EE86D00DF197F /* Sources */,
				5228E0252E0EE86D00DF197F /* Frameworks */,
				5228E0262E0EE86D00DF197F /* Resources */,
			);
			buildRules = (
			);
			dependencies = (
				5228E02A2E0EE86D00DF197F /* PBXTargetDependency */,
			);
			fileSystemSynchronizedGroups = (
				5228E02B2E0EE86D00DF197F /* Xiteb-mCommerceTests */,
			);
			name = "Xiteb-mCommerceTests";
			packageProductDependencies = (
			);
			productName = "Xiteb-mCommerceTests";
			productReference = 5228E0282E0EE86D00DF197F /* Xiteb-mCommerceTests.xctest */;
			productType = "com.apple.product-type.bundle.unit-test";
		};
		5228E0312E0EE86D00DF197F /* Xiteb-mCommerceUITests */ = {
			isa = PBXNativeTarget;
			buildConfigurationList = 5228E0422E0EE86D00DF197F /* Build configuration list for PBXNativeTarget "Xiteb-mCommerceUITests" */;
			buildPhases = (
				5228E02E2E0EE86D00DF197F /* Sources */,
				5228E02F2E0EE86D00DF197F /* Frameworks */,
				5228E0302E0EE86D00DF197F /* Resources */,
			);
			buildRules = (
			);
			dependencies = (
				5228E0342E0EE86D00DF197F /* PBXTargetDependency */,
			);
			fileSystemSynchronizedGroups = (
				5228E0352E0EE86D00DF197F /* Xiteb-mCommerceUITests */,
			);
			name = "Xiteb-mCommerceUITests";
			packageProductDependencies = (
			);
			productName = "Xiteb-mCommerceUITests";
			productReference = 5228E0322E0EE86D00DF197F /* Xiteb-mCommerceUITests.xctest */;
			productType = "com.apple.product-type.bundle.ui-testing";
		};
/* End PBXNativeTarget section */

/* Begin PBXProject section */
		5228E0132E0EE86B00DF197F /* Project object */ = {
			isa = PBXProject;
			attributes = {
				BuildIndependentTargetsInParallel = 1;
				LastSwiftUpdateCheck = 1630;
				LastUpgradeCheck = 1630;
				TargetAttributes = {
					5228E01A2E0EE86B00DF197F = {
						CreatedOnToolsVersion = 16.3;
					};
					5228E0272E0EE86D00DF197F = {
						CreatedOnToolsVersion = 16.3;
						TestTargetID = 5228E01A2E0EE86B00DF197F;
					};
					5228E0312E0EE86D00DF197F = {
						CreatedOnToolsVersion = 16.3;
						TestTargetID = 5228E01A2E0EE86B00DF197F;
					};
				};
			};
			buildConfigurationList = 5228E0162E0EE86B00DF197F /* Build configuration list for PBXProject "Xiteb-mCommerce" */;
			developmentRegion = en;
			hasScannedForEncodings = 0;
			knownRegions = (
				en,
				Base,
			);
			mainGroup = 5228E0122E0EE86B00DF197F;
			minimizedProjectReferenceProxies = 1;
			preferredProjectObjectVersion = 77;
			productRefGroup = 5228E01C2E0EE86B00DF197F /* Products */;
			projectDirPath = "";
			projectRoot = "";
			targets = (
				5228E01A2E0EE86B00DF197F /* Xiteb-mCommerce */,
				5228E0272E0EE86D00DF197F /* Xiteb-mCommerceTests */,
				5228E0312E0EE86D00DF197F /* Xiteb-mCommerceUITests */,
			);
		};
/* End PBXProject section */

/* Begin PBXResourcesBuildPhase section */
		5228E0192E0EE86B00DF197F /* Resources */ = {
			isa = PBXResourcesBuildPhase;
			buildActionMask = 2147483647;
			files = (
			);
			runOnlyForDeploymentPostprocessing = 0;
		};
		5228E0262E0EE86D00DF197F /* Resources */ = {
			isa = PBXResourcesBuildPhase;
			buildActionMask = 2147483647;
			files = (
			);
			runOnlyForDeploymentPostprocessing = 0;
		};
		5228E0302E0EE86D00DF197F /* Resources */ = {
			isa = PBXResourcesBuildPhase;
			buildActionMask = 2147483647;
			files = (
			);
			runOnlyForDeploymentPostprocessing = 0;
		};
/* End PBXResourcesBuildPhase section */

/* Begin PBXSourcesBuildPhase section */
		5228E0172E0EE86B00DF197F /* Sources */ = {
			isa = PBXSourcesBuildPhase;
			buildActionMask = 2147483647;
			files = (
			);
			runOnlyForDeploymentPostprocessing = 0;
		};
		5228E0242E0EE86D00DF197F /* Sources */ = {
			isa = PBXSourcesBuildPhase;
			buildActionMask = 2147483647;
			files = (
			);
			runOnlyForDeploymentPostprocessing = 0;
		};
		5228E02E2E0EE86D00DF197F /* Sources */ = {
			isa = PBXSourcesBuildPhase;
			buildActionMask = 2147483647;
			files = (
			);
			runOnlyForDeploymentPostprocessing = 0;
		};
/* End PBXSourcesBuildPhase section */

/* Begin PBXTargetDependency section */
		5228E02A2E0EE86D00DF197F /* PBXTargetDependency */ = {
			isa = PBXTargetDependency;
			target = 5228E01A2E0EE86B00DF197F /* Xiteb-mCommerce */;
			targetProxy = 5228E0292E0EE86D00DF197F /* PBXContainerItemProxy */;
		};
		5228E0342E0EE86D00DF197F /* PBXTargetDependency */ = {
			isa = PBXTargetDependency;
			target = 5228E01A2E0EE86B00DF197F /* Xiteb-mCommerce */;
			targetProxy = 5228E0332E0EE86D00DF197F /* PBXContainerItemProxy */;
		};
/* End PBXTargetDependency section */

/* Begin XCBuildConfiguration section */
		5228E03A2E0EE86D00DF197F /* Debug */ = {
			isa = XCBuildConfiguration;
			buildSettings = {
				ALWAYS_SEARCH_USER_PATHS = NO;
				ASSETCATALOG_COMPILER_GENERATE_SWIFT_ASSET_SYMBOL_EXTENSIONS = YES;
				CLANG_ANALYZER_NONNULL = YES;
				CLANG_ANALYZER_NUMBER_OBJECT_CONVERSION = YES_AGGRESSIVE;
				CLANG_CXX_LANGUAGE_STANDARD = "gnu++20";
				CLANG_ENABLE_MODULES = YES;
				CLANG_ENABLE_OBJC_ARC = YES;
				CLANG_ENABLE_OBJC_WEAK = YES;
				CLANG_WARN_BLOCK_CAPTURE_AUTORELEASING = YES;
				CLANG_WARN_BOOL_CONVERSION = YES;
				CLANG_WARN_COMMA = YES;
				CLANG_WARN_CONSTANT_CONVERSION = YES;
				CLANG_WARN_DEPRECATED_OBJC_IMPLEMENTATIONS = YES;
				CLANG_WARN_DIRECT_OBJC_ISA_USAGE = YES_ERROR;
				CLANG_WARN_DOCUMENTATION_COMMENTS = YES;
				CLANG_WARN_EMPTY_BODY = YES;
				CLANG_WARN_ENUM_CONVERSION = YES;
				CLANG_WARN_INFINITE_RECURSION = YES;
				CLANG_WARN_INT_CONVERSION = YES;
				CLANG_WARN_NON_LITERAL_NULL_CONVERSION = YES;
				CLANG_WARN_OBJC_IMPLICIT_RETAIN_SELF = YES;
				CLANG_WARN_OBJC_LITERAL_CONVERSION = YES;
				CLANG_WARN_OBJC_ROOT_CLASS = YES_ERROR;
				CLANG_WARN_QUOTED_INCLUDE_IN_FRAMEWORK_HEADER = YES;
				CLANG_WARN_RANGE_LOOP_ANALYSIS = YES;
				CLANG_WARN_STRICT_PROTOTYPES = YES;
				CLANG_WARN_SUSPICIOUS_MOVE = YES;
				CLANG_WARN_UNGUARDED_AVAILABILITY = YES_AGGRESSIVE;
				CLANG_WARN_UNREACHABLE_CODE = YES;
				CLANG_WARN__DUPLICATE_METHOD_MATCH = YES;
				COPY_PHASE_STRIP = NO;
				DEBUG_INFORMATION_FORMAT = dwarf;
				ENABLE_STRICT_OBJC_MSGSEND = YES;
				ENABLE_TESTABILITY = YES;
				ENABLE_USER_SCRIPT_SANDBOXING = YES;
				GCC_C_LANGUAGE_STANDARD = gnu17;
				GCC_DYNAMIC_NO_PIC = NO;
				GCC_NO_COMMON_BLOCKS = YES;
				GCC_OPTIMIZATION_LEVEL = 0;
				GCC_PREPROCESSOR_DEFINITIONS = (
					"DEBUG=1",
					"$(inherited)",
				);
				GCC_WARN_64_TO_32_BIT_CONVERSION = YES;
				GCC_WARN_ABOUT_RETURN_TYPE = YES_ERROR;
				GCC_WARN_UNDECLARED_SELECTOR = YES;
				GCC_WARN_UNINITIALIZED_AUTOS = YES_AGGRESSIVE;
				GCC_WARN_UNUSED_FUNCTION = YES;
				GCC_WARN_UNUSED_VARIABLE = YES;
				IPHONEOS_DEPLOYMENT_TARGET = 18.4;
				LOCALIZATION_PREFERS_STRING_CATALOGS = YES;
				MTL_ENABLE_DEBUG_INFO = INCLUDE_SOURCE;
				MTL_FAST_MATH = YES;
				ONLY_ACTIVE_ARCH = YES;
				SDKROOT = iphoneos;
				SWIFT_ACTIVE_COMPILATION_CONDITIONS = "DEBUG $(inherited)";
				SWIFT_OPTIMIZATION_LEVEL = "-Onone";
			};
			name = Debug;
		};
		5228E03B2E0EE86D00DF197F /* Release */ = {
			isa = XCBuildConfiguration;
			buildSettings = {
				ALWAYS_SEARCH_USER_PATHS = NO;
				ASSETCATALOG_COMPILER_GENERATE_SWIFT_ASSET_SYMBOL_EXTENSIONS = YES;
				CLANG_ANALYZER_NONNULL = YES;
				CLANG_ANALYZER_NUMBER_OBJECT_CONVERSION = YES_AGGRESSIVE;
				CLANG_CXX_LANGUAGE_STANDARD = "gnu++20";
				CLANG_ENABLE_MODULES = YES;
				CLANG_ENABLE_OBJC_ARC = YES;
				CLANG_ENABLE_OBJC_WEAK = YES;
				CLANG_WARN_BLOCK_CAPTURE_AUTORELEASING = YES;
				CLANG_WARN_BOOL_CONVERSION = YES;
				CLANG_WARN_COMMA = YES;
				CLANG_WARN_CONSTANT_CONVERSION = YES;
				CLANG_WARN_DEPRECATED_OBJC_IMPLEMENTATIONS = YES;
				CLANG_WARN_DIRECT_OBJC_ISA_USAGE = YES_ERROR;
				CLANG_WARN_DOCUMENTATION_COMMENTS = YES;
				CLANG_WARN_EMPTY_BODY = YES;
				CLANG_WARN_ENUM_CONVERSION = YES;
				CLANG_WARN_INFINITE_RECURSION = YES;
				CLANG_WARN_INT_CONVERSION = YES;
				CLANG_WARN_NON_LITERAL_NULL_CONVERSION = YES;
				CLANG_WARN_OBJC_IMPLICIT_RETAIN_SELF = YES;
				CLANG_WARN_OBJC_LITERAL_CONVERSION = YES;
				CLANG_WARN_OBJC_ROOT_CLASS = YES_ERROR;
				CLANG_WARN_QUOTED_INCLUDE_IN_FRAMEWORK_HEADER = YES;
				CLANG_WARN_RANGE_LOOP_ANALYSIS = YES;
				CLANG_WARN_STRICT_PROTOTYPES = YES;
				CLANG_WARN_SUSPICIOUS_MOVE = YES;
				CLANG_WARN_UNGUARDED_AVAILABILITY = YES_AGGRESSIVE;
				CLANG_WARN_UNREACHABLE_CODE = YES;
				CLANG_WARN__DUPLICATE_METHOD_MATCH = YES;
				COPY_PHASE_STRIP = NO;
				DEBUG_INFORMATION_FORMAT = "dwarf-with-dsym";
				ENABLE_NS_ASSERTIONS = NO;
				ENABLE_STRICT_OBJC_MSGSEND = YES;
				ENABLE_USER_SCRIPT_SANDBOXING = YES;
				GCC_C_LANGUAGE_STANDARD = gnu17;
				GCC_NO_COMMON_BLOCKS = YES;
				GCC_WARN_64_TO_32_BIT_CONVERSION = YES;
				GCC_WARN_ABOUT_RETURN_TYPE = YES_ERROR;
				GCC_WARN_UNDECLARED_SELECTOR = YES;
				GCC_WARN_UNINITIALIZED_AUTOS = YES_AGGRESSIVE;
				GCC_WARN_UNUSED_FUNCTION = YES;
				GCC_WARN_UNUSED_VARIABLE = YES;
				IPHONEOS_DEPLOYMENT_TARGET = 18.4;
				LOCALIZATION_PREFERS_STRING_CATALOGS = YES;
				MTL_ENABLE_DEBUG_INFO = NO;
				MTL_FAST_MATH = YES;
				SDKROOT = iphoneos;
				SWIFT_COMPILATION_MODE = wholemodule;
				VALIDATE_PRODUCT = YES;
			};
			name = Release;
		};
		5228E03D2E0EE86D00DF197F /* Debug */ = {
			isa = XCBuildConfiguration;
			buildSettings = {
				ASSETCATALOG_COMPILER_APPICON_NAME = AppIcon;
				ASSETCATALOG_COMPILER_GLOBAL_ACCENT_COLOR_NAME = AccentColor;
				CODE_SIGN_STYLE = Automatic;
				CURRENT_PROJECT_VERSION = 1;
				ENABLE_PREVIEWS = YES;
				GENERATE_INFOPLIST_FILE = YES;
				INFOPLIST_KEY_UIApplicationSceneManifest_Generation = YES;
				INFOPLIST_KEY_UIApplicationSupportsIndirectInputEvents = YES;
				INFOPLIST_KEY_UILaunchScreen_Generation = YES;
				INFOPLIST_KEY_UISupportedInterfaceOrientations_iPad = "UIInterfaceOrientationPortrait UIInterfaceOrientationPortraitUpsideDown UIInterfaceOrientationLandscapeLeft UIInterfaceOrientationLandscapeRight";
				INFOPLIST_KEY_UISupportedInterfaceOrientations_iPhone = "UIInterfaceOrientationPortrait UIInterfaceOrientationLandscapeLeft UIInterfaceOrientationLandscapeRight";
				LD_RUNPATH_SEARCH_PATHS = (
					"$(inherited)",
					"@executable_path/Frameworks",
				);
				MARKETING_VERSION = 1.0;
				PRODUCT_BUNDLE_IDENTIFIER = "com.myapps.Xiteb-mCommerce";
				PRODUCT_NAME = "$(TARGET_NAME)";
				SWIFT_EMIT_LOC_STRINGS = YES;
				SWIFT_VERSION = 5.0;
				TARGETED_DEVICE_FAMILY = "1,2";
			};
			name = Debug;
		};
		5228E03E2E0EE86D00DF197F /* Release */ = {
			isa = XCBuildConfiguration;
			buildSettings = {
				ASSETCATALOG_COMPILER_APPICON_NAME = AppIcon;
				ASSETCATALOG_COMPILER_GLOBAL_ACCENT_COLOR_NAME = AccentColor;
				CODE_SIGN_STYLE = Automatic;
				CURRENT_PROJECT_VERSION = 1;
				ENABLE_PREVIEWS = YES;
				GENERATE_INFOPLIST_FILE = YES;
				INFOPLIST_KEY_UIApplicationSceneManifest_Generation = YES;
				INFOPLIST_KEY_UIApplicationSupportsIndirectInputEvents = YES;
				INFOPLIST_KEY_UILaunchScreen_Generation = YES;
				INFOPLIST_KEY_UISupportedInterfaceOrientations_iPad = "UIInterfaceOrientationPortrait UIInterfaceOrientationPortraitUpsideDown UIInterfaceOrientationLandscapeLeft UIInterfaceOrientationLandscapeRight";
				INFOPLIST_KEY_UISupportedInterfaceOrientations_iPhone = "UIInterfaceOrientationPortrait UIInterfaceOrientationLandscapeLeft UIInterfaceOrientationLandscapeRight";
				LD_RUNPATH_SEARCH_PATHS = (
					"$(inherited)",
					"@executable_path/Frameworks",
				);
				MARKETING_VERSION = 1.0;
				PRODUCT_BUNDLE_IDENTIFIER = "com.myapps.Xiteb-mCommerce";
				PRODUCT_NAME = "$(TARGET_NAME)";
				SWIFT_EMIT_LOC_STRINGS = YES;
				SWIFT_VERSION = 5.0;
				TARGETED_DEVICE_FAMILY = "1,2";
			};
			name = Release;
		};
		5228E0402E0EE86D00DF197F /* Debug */ = {
			isa = XCBuildConfiguration;
			buildSettings = {
				BUNDLE_LOADER = "$(TEST_HOST)";
				CODE_SIGN_STYLE = Automatic;
				CURRENT_PROJECT_VERSION = 1;
				GENERATE_INFOPLIST_FILE = YES;
				IPHONEOS_DEPLOYMENT_TARGET = 18.4;
				MARKETING_VERSION = 1.0;
				PRODUCT_BUNDLE_IDENTIFIER = "com.myapps.Xiteb-mCommerceTests";
				PRODUCT_NAME = "$(TARGET_NAME)";
				SWIFT_EMIT_LOC_STRINGS = NO;
				SWIFT_VERSION = 5.0;
				TARGETED_DEVICE_FAMILY = "1,2";
				TEST_HOST = "$(BUILT_PRODUCTS_DIR)/Xiteb-mCommerce.app/$(BUNDLE_EXECUTABLE_FOLDER_PATH)/Xiteb-mCommerce";
			};
			name = Debug;
		};
		5228E0412E0EE86D00DF197F /* Release */ = {
			isa = XCBuildConfiguration;
			buildSettings = {
				BUNDLE_LOADER = "$(TEST_HOST)";
				CODE_SIGN_STYLE = Automatic;
				CURRENT_PROJECT_VERSION = 1;
				GENERATE_INFOPLIST_FILE = YES;
				IPHONEOS_DEPLOYMENT_TARGET = 18.4;
				MARKETING_VERSION = 1.0;
				PRODUCT_BUNDLE_IDENTIFIER = "com.myapps.Xiteb-mCommerceTests";
				PRODUCT_NAME = "$(TARGET_NAME)";
				SWIFT_EMIT_LOC_STRINGS = NO;
				SWIFT_VERSION = 5.0;
				TARGETED_DEVICE_FAMILY = "1,2";
				TEST_HOST = "$(BUILT_PRODUCTS_DIR)/Xiteb-mCommerce.app/$(BUNDLE_EXECUTABLE_FOLDER_PATH)/Xiteb-mCommerce";
			};
			name = Release;
		};
		5228E0432E0EE86D00DF197F /* Debug */ = {
			isa = XCBuildConfiguration;
			buildSettings = {
				CODE_SIGN_STYLE = Automatic;
				CURRENT_PROJECT_VERSION = 1;
				GENERATE_INFOPLIST_FILE = YES;
				MARKETING_VERSION = 1.0;
				PRODUCT_BUNDLE_IDENTIFIER = "com.myapps.Xiteb-mCommerceUITests";
				PRODUCT_NAME = "$(TARGET_NAME)";
				SWIFT_EMIT_LOC_STRINGS = NO;
				SWIFT_VERSION = 5.0;
				TARGETED_DEVICE_FAMILY = "1,2";
				TEST_TARGET_NAME = "Xiteb-mCommerce";
			};
			name = Debug;
		};
		5228E0442E0EE86D00DF197F /* Release */ = {
			isa = XCBuildConfiguration;
			buildSettings = {
				CODE_SIGN_STYLE = Automatic;
				CURRENT_PROJECT_VERSION = 1;
				GENERATE_INFOPLIST_FILE = YES;
				MARKETING_VERSION = 1.0;
				PRODUCT_BUNDLE_IDENTIFIER = "com.myapps.Xiteb-mCommerceUITests";
				PRODUCT_NAME = "$(TARGET_NAME)";
				SWIFT_EMIT_LOC_STRINGS = NO;
				SWIFT_VERSION = 5.0;
				TARGETED_DEVICE_FAMILY = "1,2";
				TEST_TARGET_NAME = "Xiteb-mCommerce";
			};
			name = Release;
		};
/* End XCBuildConfiguration section */

/* Begin XCConfigurationList section */
		5228E0162E0EE86B00DF197F /* Build configuration list for PBXProject "Xiteb-mCommerce" */ = {
			isa = XCConfigurationList;
			buildConfigurations = (
				5228E03A2E0EE86D00DF197F /* Debug */,
				5228E03B2E0EE86D00DF197F /* Release */,
			);
			defaultConfigurationIsVisible = 0;
			defaultConfigurationName = Release;
		};
		5228E03C2E0EE86D00DF197F /* Build configuration list for PBXNativeTarget "Xiteb-mCommerce" */ = {
			isa = XCConfigurationList;
			buildConfigurations = (
				5228E03D2E0EE86D00DF197F /* Debug */,
				5228E03E2E0EE86D00DF197F /* Release */,
			);
			defaultConfigurationIsVisible = 0;
			defaultConfigurationName = Release;
		};
		5228E03F2E0EE86D00DF197F /* Build configuration list for PBXNativeTarget "Xiteb-mCommerceTests" */ = {
			isa = XCConfigurationList;
			buildConfigurations = (
				5228E0402E0EE86D00DF197F /* Debug */,
				5228E0412E0EE86D00DF197F /* Release */,
			);
			defaultConfigurationIsVisible = 0;
			defaultConfigurationName = Release;
		};
		5228E0422E0EE86D00DF197F /* Build configuration list for PBXNativeTarget "Xiteb-mCommerceUITests" */ = {
			isa = XCConfigurationList;
			buildConfigurations = (
				5228E0432E0EE86D00DF197F /* Debug */,
				5228E0442E0EE86D00DF197F /* Release */,
			);
			defaultConfigurationIsVisible = 0;
			defaultConfigurationName = Release;
		};
/* End XCConfigurationList section */
	};
	rootObject = 5228E0132E0EE86B00DF197F /* Project object */;
}
